
Microsoft Visual Studio Solution File, Format Version 12.00
# Visual Studio 15
Project("{FAE04EC0-301F-11D3-BF4B-00C04F79EFBC}") = "Assembly-CSharp", "Assembly-CSharp.csproj", "{AB10863B-89E7-4D23-5D8C-3863450FEA31}"
EndProject
Project("{FAE04EC0-301F-11D3-BF4B-00C04F79EFBC}") = "Assembly-CSharp-Editor", "Assembly-CSharp-Editor.csproj", "{E6337B5D-0F4E-747B-6403-3B4BB7F4C406}"
EndProject
Global
	GlobalSection(SolutionConfigurationPlatforms) = preSolution
		Debug|Any CPU = Debug|Any CPU
		Release|Any CPU = Release|Any CPU
	EndGlobalSection
	GlobalSection(ProjectConfigurationPlatforms) = postSolution
		{AB10863B-89E7-4D23-5D8C-3863450FEA31}.Debug|Any CPU.ActiveCfg = Debug|Any CPU
		{AB10863B-89E7-4D23-5D8C-3863450FEA31}.Debug|Any CPU.Build.0 = Debug|Any CPU
		{AB10863B-89E7-4D23-5D8C-3863450FEA31}.Release|Any CPU.ActiveCfg = Release|Any CPU
		{AB10863B-89E7-4D23-5D8C-3863450FEA31}.Release|Any CPU.Build.0 = Release|Any CPU
		{E6337B5D-0F4E-747B-6403-3B4BB7F4C406}.Debug|Any CPU.ActiveCfg = Debug|Any CPU
		{E6337B5D-0F4E-747B-6403-3B4BB7F4C406}.Debug|Any CPU.Build.0 = Debug|Any CPU
		{E6337B5D-0F4E-747B-6403-3B4BB7F4C406}.Release|Any CPU.ActiveCfg = Release|Any CPU
		{E6337B5D-0F4E-747B-6403-3B4BB7F4C406}.Release|Any CPU.Build.0 = Release|Any CPU
	EndGlobalSection
	GlobalSection(SolutionProperties) = preSolution
		HideSolutionNode = FALSE
	EndGlobalSection
EndGlobal
